{
  "name": "front",
  "lockfileVersion": 2,
  "requires": true,
  "packages": {
    "": {
      "dependencies": {
        "vee-validate": "^3.4.13"
      }
    },
    "node_modules/vee-validate": {
      "version": "3.4.13",
      "resolved": "https://registry.npmjs.org/vee-validate/-/vee-validate-3.4.13.tgz",
      "integrity": "sha512-ONnyRixpd0/JOGLuN8dlxFwLoT5FGq5ti1w4rx/zFZWaJZ1EefhfAbXkQvLwLhjU6izkfHyITXojW/7InOU3Tw==",
      "peerDependencies": {
        "vue": "^2.5.18"
      }
    },
    "node_modules/vue": {
      "version": "2.6.14",
      "resolved": "https://registry.npmjs.org/vue/-/vue-2.6.14.tgz",
      "integrity": "sha512-x2284lgYvjOMj3Za7kqzRcUSxBboHqtgRE2zlos1qWaOye5yUmHn42LB1250NJBLRwEcdrB0JRwyPTEPhfQjiQ==",
      "peer": true
    }
  },
  "dependencies": {
    "vee-validate": {
      "version": "3.4.13",
      "resolved": "https://registry.npmjs.org/vee-validate/-/vee-validate-3.4.13.tgz",
      "integrity": "sha512-ONnyRixpd0/JOGLuN8dlxFwLoT5FGq5ti1w4rx/zFZWaJZ1EefhfAbXkQvLwLhjU6izkfHyITXojW/7InOU3Tw==",
      "requires": {}
    },
    "vue": {
      "version": "2.6.14",
      "resolved": "https://registry.npmjs.org/vue/-/vue-2.6.14.tgz",
      "integrity": "sha512-x2284lgYvjOMj3Za7kqzRcUSxBboHqtgRE2zlos1qWaOye5yUmHn42LB1250NJBLRwEcdrB0JRwyPTEPhfQjiQ==",
      "peer": true
    }
  }
}
